{
    "_readme": [
        "This file locks the dependencies of your project to a known state",
        "Read more about it at https://getcomposer.org/doc/01-basic-usage.md#composer-lock-the-lock-file",
        "This file is @generated automatically"
    ],
    "hash": "425582499c09ce5b5eebb2abb6dc2111",
    "content-hash": "163eb4764cfceda4201e2d993dd1e79d",
    "packages": [],
    "packages-dev": null,
    "aliases": [],
    "minimum-stability": "stable",
    "stability-flags": [],
    "prefer-stable": false,
    "prefer-lowest": false,
    "platform": {
        "php": ">=5.2.4"
    },
    "platform-dev": []
}
